
Microsoft Visual Studio Solution File, Format Version 12.00
# Visual Studio Version 16
VisualStudioVersion = 16.0.31624.102
MinimumVisualStudioVersion = 10.0.40219.1
Project("{FAE04EC0-301F-11D3-BF4B-00C04F79EFBC}") = "Menu_Repository", "Menu_Repository\Menu_Repository.csproj", "{40A327A9-EE0B-40C5-B025-2CA8AB59316E}"
EndProject
Project("{FAE04EC0-301F-11D3-BF4B-00C04F79EFBC}") = "Menu_Repository_Tests", "Menu_Repository_Tests\Menu_Repository_Tests.csproj", "{2BEAC9D3-98E3-432B-8C79-DCA26DBCDA28}"
EndProject
Project("{FAE04EC0-301F-11D3-BF4B-00C04F79EFBC}") = "Menu_Console", "Menu_Console\Menu_Console.csproj", "{1CBCB994-3054-447B-96E3-97F6614A14E3}"
EndProject
Project("{2150E333-8FDC-42A3-9474-1A3956D46DE8}") = "PlanningFolder", "PlanningFolder", "{3E940119-BEE1-48A9-BB91-BCC44BA3B4F5}"
	ProjectSection(SolutionItems) = preProject
		ClaimsPlan.txt = ClaimsPlan.txt
		EmailPlan.txt = EmailPlan.txt
		InsurancePlan.txt = InsurancePlan.txt
		MenuPlan.txt = MenuPlan.txt
		OutingPlanning.txt = OutingPlanning.txt
	EndProjectSection
EndProject
Project("{FAE04EC0-301F-11D3-BF4B-00C04F79EFBC}") = "Claims_Repository", "Claims_Repository\Claims_Repository.csproj", "{67AA9EF9-4555-4FDB-ABF8-555AAB0E9AB2}"
EndProject
Project("{FAE04EC0-301F-11D3-BF4B-00C04F79EFBC}") = "Claims_Repository_Tests", "Claims_Repository_Tests\Claims_Repository_Tests.csproj", "{AF0F2FA7-3B4B-4115-83B3-E006F40A1460}"
EndProject
Project("{FAE04EC0-301F-11D3-BF4B-00C04F79EFBC}") = "Claims_Console", "Claims_Console\Claims_Console.csproj", "{72E58890-4D52-4BC2-B987-F3FD13A9B1F5}"
EndProject
Project("{FAE04EC0-301F-11D3-BF4B-00C04F79EFBC}") = "Badge_Repository", "Badge_Repository\Badge_Repository.csproj", "{3E262A48-469F-4B75-A688-BAF4E039759D}"
EndProject
Project("{FAE04EC0-301F-11D3-BF4B-00C04F79EFBC}") = "Badge_Repository_Tests", "Badge_Repository_Tests\Badge_Repository_Tests.csproj", "{EAD3C622-311A-48A2-9084-E6550F801E12}"
EndProject
Project("{FAE04EC0-301F-11D3-BF4B-00C04F79EFBC}") = "Badge_Console", "Badge_Console\Badge_Console.csproj", "{438A5D98-B879-4C67-9740-B3A81D202843}"
EndProject
Project("{FAE04EC0-301F-11D3-BF4B-00C04F79EFBC}") = "Outings_Repository", "Outings_Repository\Outings_Repository.csproj", "{AF77FDA2-F295-40DC-BE1B-F3065651E488}"
EndProject
Project("{FAE04EC0-301F-11D3-BF4B-00C04F79EFBC}") = "Outings_Repository_Tests", "Outings_Repository_Tests\Outings_Repository_Tests.csproj", "{C85C5A8E-92C3-436D-B816-C74F77F0C56A}"
EndProject
Project("{FAE04EC0-301F-11D3-BF4B-00C04F79EFBC}") = "Outings_Console", "Outings_Console\Outings_Console.csproj", "{EC2C6BC6-FCC1-43F0-811A-8BE338448E09}"
EndProject
Project("{2150E333-8FDC-42A3-9474-1A3956D46DE8}") = "Solution Items", "Solution Items", "{41F61811-7234-4D22-A12C-E0007C1FD4A5}"
	ProjectSection(SolutionItems) = preProject
		README.md = README.md
	EndProjectSection
EndProject
Project("{FAE04EC0-301F-11D3-BF4B-00C04F79EFBC}") = "Email_Repository", "Email_Repository\Email_Repository.csproj", "{5B4AE587-1C03-4C8C-8A09-9170A87A6213}"
EndProject
Project("{FAE04EC0-301F-11D3-BF4B-00C04F79EFBC}") = "Email_Repository_Tests", "Email_Repository_Tests\Email_Repository_Tests.csproj", "{18591969-869B-4DCA-97A2-B6CFDCAE23AB}"
EndProject
Project("{FAE04EC0-301F-11D3-BF4B-00C04F79EFBC}") = "Email_Console", "Email_Console\Email_Console.csproj", "{65F90D00-8985-4096-AB8F-F7ADC5C4B336}"
EndProject
Global
	GlobalSection(SolutionConfigurationPlatforms) = preSolution
		Debug|Any CPU = Debug|Any CPU
		Release|Any CPU = Release|Any CPU
	EndGlobalSection
	GlobalSection(ProjectConfigurationPlatforms) = postSolution
		{40A327A9-EE0B-40C5-B025-2CA8AB59316E}.Debug|Any CPU.ActiveCfg = Debug|Any CPU
		{40A327A9-EE0B-40C5-B025-2CA8AB59316E}.Debug|Any CPU.Build.0 = Debug|Any CPU
		{40A327A9-EE0B-40C5-B025-2CA8AB59316E}.Release|Any CPU.ActiveCfg = Release|Any CPU
		{40A327A9-EE0B-40C5-B025-2CA8AB59316E}.Release|Any CPU.Build.0 = Release|Any CPU
		{2BEAC9D3-98E3-432B-8C79-DCA26DBCDA28}.Debug|Any CPU.ActiveCfg = Debug|Any CPU
		{2BEAC9D3-98E3-432B-8C79-DCA26DBCDA28}.Debug|Any CPU.Build.0 = Debug|Any CPU
		{2BEAC9D3-98E3-432B-8C79-DCA26DBCDA28}.Release|Any CPU.ActiveCfg = Release|Any CPU
		{2BEAC9D3-98E3-432B-8C79-DCA26DBCDA28}.Release|Any CPU.Build.0 = Release|Any CPU
		{1CBCB994-3054-447B-96E3-97F6614A14E3}.Debug|Any CPU.ActiveCfg = Debug|Any CPU
		{1CBCB994-3054-447B-96E3-97F6614A14E3}.Debug|Any CPU.Build.0 = Debug|Any CPU
		{1CBCB994-3054-447B-96E3-97F6614A14E3}.Release|Any CPU.ActiveCfg = Release|Any CPU
		{1CBCB994-3054-447B-96E3-97F6614A14E3}.Release|Any CPU.Build.0 = Release|Any CPU
		{67AA9EF9-4555-4FDB-ABF8-555AAB0E9AB2}.Debug|Any CPU.ActiveCfg = Debug|Any CPU
		{67AA9EF9-4555-4FDB-ABF8-555AAB0E9AB2}.Debug|Any CPU.Build.0 = Debug|Any CPU
		{67AA9EF9-4555-4FDB-ABF8-555AAB0E9AB2}.Release|Any CPU.ActiveCfg = Release|Any CPU
		{67AA9EF9-4555-4FDB-ABF8-555AAB0E9AB2}.Release|Any CPU.Build.0 = Release|Any CPU
		{AF0F2FA7-3B4B-4115-83B3-E006F40A1460}.Debug|Any CPU.ActiveCfg = Debug|Any CPU
		{AF0F2FA7-3B4B-4115-83B3-E006F40A1460}.Debug|Any CPU.Build.0 = Debug|Any CPU
		{AF0F2FA7-3B4B-4115-83B3-E006F40A1460}.Release|Any CPU.ActiveCfg = Release|Any CPU
		{AF0F2FA7-3B4B-4115-83B3-E006F40A1460}.Release|Any CPU.Build.0 = Release|Any CPU
		{72E58890-4D52-4BC2-B987-F3FD13A9B1F5}.Debug|Any CPU.ActiveCfg = Debug|Any CPU
		{72E58890-4D52-4BC2-B987-F3FD13A9B1F5}.Debug|Any CPU.Build.0 = Debug|Any CPU
		{72E58890-4D52-4BC2-B987-F3FD13A9B1F5}.Release|Any CPU.ActiveCfg = Release|Any CPU
		{72E58890-4D52-4BC2-B987-F3FD13A9B1F5}.Release|Any CPU.Build.0 = Release|Any CPU
		{3E262A48-469F-4B75-A688-BAF4E039759D}.Debug|Any CPU.ActiveCfg = Debug|Any CPU
		{3E262A48-469F-4B75-A688-BAF4E039759D}.Debug|Any CPU.Build.0 = Debug|Any CPU
		{3E262A48-469F-4B75-A688-BAF4E039759D}.Release|Any CPU.ActiveCfg = Release|Any CPU
		{3E262A48-469F-4B75-A688-BAF4E039759D}.Release|Any CPU.Build.0 = Release|Any CPU
		{EAD3C622-311A-48A2-9084-E6550F801E12}.Debug|Any CPU.ActiveCfg = Debug|Any CPU
		{EAD3C622-311A-48A2-9084-E6550F801E12}.Debug|Any CPU.Build.0 = Debug|Any CPU
		{EAD3C622-311A-48A2-9084-E6550F801E12}.Release|Any CPU.ActiveCfg = Release|Any CPU
		{EAD3C622-311A-48A2-9084-E6550F801E12}.Release|Any CPU.Build.0 = Release|Any CPU
		{438A5D98-B879-4C67-9740-B3A81D202843}.Debug|Any CPU.ActiveCfg = Debug|Any CPU
		{438A5D98-B879-4C67-9740-B3A81D202843}.Debug|Any CPU.Build.0 = Debug|Any CPU
		{438A5D98-B879-4C67-9740-B3A81D202843}.Release|Any CPU.ActiveCfg = Release|Any CPU
		{438A5D98-B879-4C67-9740-B3A81D202843}.Release|Any CPU.Build.0 = Release|Any CPU
		{AF77FDA2-F295-40DC-BE1B-F3065651E488}.Debug|Any CPU.ActiveCfg = Debug|Any CPU
		{AF77FDA2-F295-40DC-BE1B-F3065651E488}.Debug|Any CPU.Build.0 = Debug|Any CPU
		{AF77FDA2-F295-40DC-BE1B-F3065651E488}.Release|Any CPU.ActiveCfg = Release|Any CPU
		{AF77FDA2-F295-40DC-BE1B-F3065651E488}.Release|Any CPU.Build.0 = Release|Any CPU
		{C85C5A8E-92C3-436D-B816-C74F77F0C56A}.Debug|Any CPU.ActiveCfg = Debug|Any CPU
		{C85C5A8E-92C3-436D-B816-C74F77F0C56A}.Debug|Any CPU.Build.0 = Debug|Any CPU
		{C85C5A8E-92C3-436D-B816-C74F77F0C56A}.Release|Any CPU.ActiveCfg = Release|Any CPU
		{C85C5A8E-92C3-436D-B816-C74F77F0C56A}.Release|Any CPU.Build.0 = Release|Any CPU
		{EC2C6BC6-FCC1-43F0-811A-8BE338448E09}.Debug|Any CPU.ActiveCfg = Debug|Any CPU
		{EC2C6BC6-FCC1-43F0-811A-8BE338448E09}.Debug|Any CPU.Build.0 = Debug|Any CPU
		{EC2C6BC6-FCC1-43F0-811A-8BE338448E09}.Release|Any CPU.ActiveCfg = Release|Any CPU
		{EC2C6BC6-FCC1-43F0-811A-8BE338448E09}.Release|Any CPU.Build.0 = Release|Any CPU
		{5B4AE587-1C03-4C8C-8A09-9170A87A6213}.Debug|Any CPU.ActiveCfg = Debug|Any CPU
		{5B4AE587-1C03-4C8C-8A09-9170A87A6213}.Debug|Any CPU.Build.0 = Debug|Any CPU
		{5B4AE587-1C03-4C8C-8A09-9170A87A6213}.Release|Any CPU.ActiveCfg = Release|Any CPU
		{5B4AE587-1C03-4C8C-8A09-9170A87A6213}.Release|Any CPU.Build.0 = Release|Any CPU
		{18591969-869B-4DCA-97A2-B6CFDCAE23AB}.Debug|Any CPU.ActiveCfg = Debug|Any CPU
		{18591969-869B-4DCA-97A2-B6CFDCAE23AB}.Debug|Any CPU.Build.0 = Debug|Any CPU
		{18591969-869B-4DCA-97A2-B6CFDCAE23AB}.Release|Any CPU.ActiveCfg = Release|Any CPU
		{18591969-869B-4DCA-97A2-B6CFDCAE23AB}.Release|Any CPU.Build.0 = Release|Any CPU
		{65F90D00-8985-4096-AB8F-F7ADC5C4B336}.Debug|Any CPU.ActiveCfg = Debug|Any CPU
		{65F90D00-8985-4096-AB8F-F7ADC5C4B336}.Debug|Any CPU.Build.0 = Debug|Any CPU
		{65F90D00-8985-4096-AB8F-F7ADC5C4B336}.Release|Any CPU.ActiveCfg = Release|Any CPU
		{65F90D00-8985-4096-AB8F-F7ADC5C4B336}.Release|Any CPU.Build.0 = Release|Any CPU
	EndGlobalSection
	GlobalSection(SolutionProperties) = preSolution
		HideSolutionNode = FALSE
	EndGlobalSection
	GlobalSection(ExtensibilityGlobals) = postSolution
		SolutionGuid = {A9770E0C-63D4-4F45-9040-FEFEF6EECE44}
	EndGlobalSection
EndGlobal
