
Microsoft Visual Studio Solution File, Format Version 12.00
# Visual Studio Version 16
VisualStudioVersion = 16.0.31624.102
MinimumVisualStudioVersion = 10.0.40219.1
Project("{FAE04EC0-301F-11D3-BF4B-00C04F79EFBC}") = "Menu_Repository", "Menu_Repository\Menu_Repository.csproj", "{40A327A9-EE0B-40C5-B025-2CA8AB59316E}"
EndProject
Project("{FAE04EC0-301F-11D3-BF4B-00C04F79EFBC}") = "Menu_Repository_Tests", "Menu_Repository_Tests\Menu_Repository_Tests.csproj", "{2BEAC9D3-98E3-432B-8C79-DCA26DBCDA28}"
EndProject
Project("{FAE04EC0-301F-11D3-BF4B-00C04F79EFBC}") = "Menu_Console", "Menu_Console\Menu_Console.csproj", "{1CBCB994-3054-447B-96E3-97F6614A14E3}"
EndProject
Project("{2150E333-8FDC-42A3-9474-1A3956D46DE8}") = "PlanningFolder", "PlanningFolder", "{3E940119-BEE1-48A9-BB91-BCC44BA3B4F5}"
	ProjectSection(SolutionItems) = preProject
		ClaimsPlan.txt = ClaimsPlan.txt
		InsurancePlan.txt = InsurancePlan.txt
		MenuPlan.txt = MenuPlan.txt
	EndProjectSection
EndProject
Project("{FAE04EC0-301F-11D3-BF4B-00C04F79EFBC}") = "Claims_Repository", "Claims_Repository\Claims_Repository.csproj", "{67AA9EF9-4555-4FDB-ABF8-555AAB0E9AB2}"
EndProject
Project("{FAE04EC0-301F-11D3-BF4B-00C04F79EFBC}") = "Claims_Repository_Tests", "Claims_Repository_Tests\Claims_Repository_Tests.csproj", "{AF0F2FA7-3B4B-4115-83B3-E006F40A1460}"
EndProject
Project("{FAE04EC0-301F-11D3-BF4B-00C04F79EFBC}") = "Claims_Console", "Claims_Console\Claims_Console.csproj", "{72E58890-4D52-4BC2-B987-F3FD13A9B1F5}"
EndProject
Project("{FAE04EC0-301F-11D3-BF4B-00C04F79EFBC}") = "Badge_Repository", "Badge_Repository\Badge_Repository.csproj", "{3E262A48-469F-4B75-A688-BAF4E039759D}"
EndProject
Project("{FAE04EC0-301F-11D3-BF4B-00C04F79EFBC}") = "Badge_Repository_Tests", "Badge_Repository_Tests\Badge_Repository_Tests.csproj", "{EAD3C622-311A-48A2-9084-E6550F801E12}"
EndProject
Project("{FAE04EC0-301F-11D3-BF4B-00C04F79EFBC}") = "Badge_Console", "Badge_Console\Badge_Console.csproj", "{438A5D98-B879-4C67-9740-B3A81D202843}"
EndProject
Global
	GlobalSection(SolutionConfigurationPlatforms) = preSolution
		Debug|Any CPU = Debug|Any CPU
		Release|Any CPU = Release|Any CPU
	EndGlobalSection
	GlobalSection(ProjectConfigurationPlatforms) = postSolution
		{40A327A9-EE0B-40C5-B025-2CA8AB59316E}.Debug|Any CPU.ActiveCfg = Debug|Any CPU
		{40A327A9-EE0B-40C5-B025-2CA8AB59316E}.Debug|Any CPU.Build.0 = Debug|Any CPU
		{40A327A9-EE0B-40C5-B025-2CA8AB59316E}.Release|Any CPU.ActiveCfg = Release|Any CPU
		{40A327A9-EE0B-40C5-B025-2CA8AB59316E}.Release|Any CPU.Build.0 = Release|Any CPU
		{2BEAC9D3-98E3-432B-8C79-DCA26DBCDA28}.Debug|Any CPU.ActiveCfg = Debug|Any CPU
		{2BEAC9D3-98E3-432B-8C79-DCA26DBCDA28}.Debug|Any CPU.Build.0 = Debug|Any CPU
		{2BEAC9D3-98E3-432B-8C79-DCA26DBCDA28}.Release|Any CPU.ActiveCfg = Release|Any CPU
		{2BEAC9D3-98E3-432B-8C79-DCA26DBCDA28}.Release|Any CPU.Build.0 = Release|Any CPU
		{1CBCB994-3054-447B-96E3-97F6614A14E3}.Debug|Any CPU.ActiveCfg = Debug|Any CPU
		{1CBCB994-3054-447B-96E3-97F6614A14E3}.Debug|Any CPU.Build.0 = Debug|Any CPU
		{1CBCB994-3054-447B-96E3-97F6614A14E3}.Release|Any CPU.ActiveCfg = Release|Any CPU
		{1CBCB994-3054-447B-96E3-97F6614A14E3}.Release|Any CPU.Build.0 = Release|Any CPU
		{67AA9EF9-4555-4FDB-ABF8-555AAB0E9AB2}.Debug|Any CPU.ActiveCfg = Debug|Any CPU
		{67AA9EF9-4555-4FDB-ABF8-555AAB0E9AB2}.Debug|Any CPU.Build.0 = Debug|Any CPU
		{67AA9EF9-4555-4FDB-ABF8-555AAB0E9AB2}.Release|Any CPU.ActiveCfg = Release|Any CPU
		{67AA9EF9-4555-4FDB-ABF8-555AAB0E9AB2}.Release|Any CPU.Build.0 = Release|Any CPU
		{AF0F2FA7-3B4B-4115-83B3-E006F40A1460}.Debug|Any CPU.ActiveCfg = Debug|Any CPU
		{AF0F2FA7-3B4B-4115-83B3-E006F40A1460}.Debug|Any CPU.Build.0 = Debug|Any CPU
		{AF0F2FA7-3B4B-4115-83B3-E006F40A1460}.Release|Any CPU.ActiveCfg = Release|Any CPU
		{AF0F2FA7-3B4B-4115-83B3-E006F40A1460}.Release|Any CPU.Build.0 = Release|Any CPU
		{72E58890-4D52-4BC2-B987-F3FD13A9B1F5}.Debug|Any CPU.ActiveCfg = Debug|Any CPU
		{72E58890-4D52-4BC2-B987-F3FD13A9B1F5}.Debug|Any CPU.Build.0 = Debug|Any CPU
		{72E58890-4D52-4BC2-B987-F3FD13A9B1F5}.Release|Any CPU.ActiveCfg = Release|Any CPU
		{72E58890-4D52-4BC2-B987-F3FD13A9B1F5}.Release|Any CPU.Build.0 = Release|Any CPU
		{3E262A48-469F-4B75-A688-BAF4E039759D}.Debug|Any CPU.ActiveCfg = Debug|Any CPU
		{3E262A48-469F-4B75-A688-BAF4E039759D}.Debug|Any CPU.Build.0 = Debug|Any CPU
		{3E262A48-469F-4B75-A688-BAF4E039759D}.Release|Any CPU.ActiveCfg = Release|Any CPU
		{3E262A48-469F-4B75-A688-BAF4E039759D}.Release|Any CPU.Build.0 = Release|Any CPU
		{EAD3C622-311A-48A2-9084-E6550F801E12}.Debug|Any CPU.ActiveCfg = Debug|Any CPU
		{EAD3C622-311A-48A2-9084-E6550F801E12}.Debug|Any CPU.Build.0 = Debug|Any CPU
		{EAD3C622-311A-48A2-9084-E6550F801E12}.Release|Any CPU.ActiveCfg = Release|Any CPU
		{EAD3C622-311A-48A2-9084-E6550F801E12}.Release|Any CPU.Build.0 = Release|Any CPU
		{438A5D98-B879-4C67-9740-B3A81D202843}.Debug|Any CPU.ActiveCfg = Debug|Any CPU
		{438A5D98-B879-4C67-9740-B3A81D202843}.Debug|Any CPU.Build.0 = Debug|Any CPU
		{438A5D98-B879-4C67-9740-B3A81D202843}.Release|Any CPU.ActiveCfg = Release|Any CPU
		{438A5D98-B879-4C67-9740-B3A81D202843}.Release|Any CPU.Build.0 = Release|Any CPU
	EndGlobalSection
	GlobalSection(SolutionProperties) = preSolution
		HideSolutionNode = FALSE
	EndGlobalSection
	GlobalSection(ExtensibilityGlobals) = postSolution
		SolutionGuid = {A9770E0C-63D4-4F45-9040-FEFEF6EECE44}
	EndGlobalSection
EndGlobal
